
Microsoft Visual Studio Solution File, Format Version 12.00
# Visual Studio Version 17
VisualStudioVersion = 17.10.35013.160
MinimumVisualStudioVersion = 10.0.40219.1
Project("{FAE04EC0-301F-11D3-BF4B-00C04F79EFBC}") = "Topic 5 - If Statments", "Topic 5 - If Statments\Topic 5 - If Statments.csproj", "{CF769D15-E987-4C41-B219-82895FC792A0}"
EndProject
Global
	GlobalSection(SolutionConfigurationPlatforms) = preSolution
		Debug|Any CPU = Debug|Any CPU
		Release|Any CPU = Release|Any CPU
	EndGlobalSection
	GlobalSection(ProjectConfigurationPlatforms) = postSolution
		{CF769D15-E987-4C41-B219-82895FC792A0}.Debug|Any CPU.ActiveCfg = Debug|Any CPU
		{CF769D15-E987-4C41-B219-82895FC792A0}.Debug|Any CPU.Build.0 = Debug|Any CPU
		{CF769D15-E987-4C41-B219-82895FC792A0}.Release|Any CPU.ActiveCfg = Release|Any CPU
		{CF769D15-E987-4C41-B219-82895FC792A0}.Release|Any CPU.Build.0 = Release|Any CPU
	EndGlobalSection
	GlobalSection(SolutionProperties) = preSolution
		HideSolutionNode = FALSE
	EndGlobalSection
	GlobalSection(ExtensibilityGlobals) = postSolution
		SolutionGuid = {AABCAE07-18D1-44EC-AEE4-4EB5142686AA}
	EndGlobalSection
EndGlobal
